{
  "nodes": {
    "corepack": {
      "locked": {
        "lastModified": 1665305306,
        "narHash": "sha256-KjFU4Ckgw/qRU+ZR8vhkgKlFsrNc0k7hlcxF+kxeHJk=",
        "owner": "SnO2WMaN",
        "repo": "corepack-flake",
        "rev": "33246606a39b74580c80bf3226e9434e6a65a7ed",
        "type": "github"
      },
      "original": {
        "owner": "SnO2WMaN",
        "repo": "corepack-flake",
        "type": "github"
      }
    },
    "devshell": {
      "inputs": {
        "flake-utils": [
          "flake-utils"
        ],
        "nixpkgs": [
          "nixpkgs"
        ]
      },
      "locked": {
        "lastModified": 1677439153,
        "narHash": "sha256-MB+q1TN3KKwYBm0hrPHtWo3iy6jg6AQi7u9mMiUDtrs=",
        "owner": "numtide",
        "repo": "devshell",
        "rev": "ace1138005c355c84806bbc66f3b7e6a31ecde52",
        "type": "github"
      },
      "original": {
        "owner": "numtide",
        "repo": "devshell",
        "type": "github"
      }
    },
    "flake-utils": {
      "locked": {
        "lastModified": 1656928814,
        "narHash": "sha256-RIFfgBuKz6Hp89yRr7+NR5tzIAbn52h8vT6vXkYjZoM=",
        "owner": "numtide",
        "repo": "flake-utils",
        "rev": "7e2a3b3dfd9af950a856d66b0a7d01e3c18aa249",
        "type": "github"
      },
      "original": {
        "owner": "numtide",
        "repo": "flake-utils",
        "type": "github"
      }
    },
    "nixpkgs": {
      "locked": {
        "lastModified": 1666753130,
        "narHash": "sha256-Wff1dGPFSneXJLI2c0kkdWTgxnQ416KE6X4KnFkgPYQ=",
        "owner": "nixos",
        "repo": "nixpkgs",
        "rev": "f540aeda6f677354f1e7144ab04352f61aaa0118",
        "type": "github"
      },
      "original": {
        "owner": "nixos",
        "ref": "nixpkgs-unstable",
        "repo": "nixpkgs",
        "type": "github"
      }
    },
    "root": {
      "inputs": {
        "corepack": "corepack",
        "devshell": "devshell",
        "flake-utils": "flake-utils",
        "nixpkgs": "nixpkgs"
      }
    }
  },
  "root": "root",
  "version": 7
}
